
Microsoft Visual Studio Solution File, Format Version 12.00
# Visual Studio 15
VisualStudioVersion = 15.0.28307.852
MinimumVisualStudioVersion = 10.0.40219.1
Project("{FAE04EC0-301F-11D3-BF4B-00C04F79EFBC}") = "SqlitePractica.Android", "SqlitePractica\SqlitePractica.Android\SqlitePractica.Android.csproj", "{4E02B27B-E23F-4DFB-8629-46D0F8EC1338}"
EndProject
Project("{FAE04EC0-301F-11D3-BF4B-00C04F79EFBC}") = "SqlitePractica.iOS", "SqlitePractica\SqlitePractica.iOS\SqlitePractica.iOS.csproj", "{35F9EBD3-F2E4-4EA5-959B-087E5BE40D03}"
EndProject
Project("{FAE04EC0-301F-11D3-BF4B-00C04F79EFBC}") = "SqlitePractica.UWP", "SqlitePractica\SqlitePractica.UWP\SqlitePractica.UWP.csproj", "{8A39686C-2C6C-4B1D-A70D-99C576E8CFB7}"
EndProject
Project("{FAE04EC0-301F-11D3-BF4B-00C04F79EFBC}") = "SqlitePractica", "SqlitePractica\SqlitePractica\SqlitePractica.csproj", "{C415DA7C-9140-4BC5-8C23-FEDBF4A35708}"
EndProject
Global
	GlobalSection(SolutionConfigurationPlatforms) = preSolution
		Ad-Hoc|Any CPU = Ad-Hoc|Any CPU
		Ad-Hoc|ARM = Ad-Hoc|ARM
		Ad-Hoc|iPhone = Ad-Hoc|iPhone
		Ad-Hoc|iPhoneSimulator = Ad-Hoc|iPhoneSimulator
		Ad-Hoc|x64 = Ad-Hoc|x64
		Ad-Hoc|x86 = Ad-Hoc|x86
		AppStore|Any CPU = AppStore|Any CPU
		AppStore|ARM = AppStore|ARM
		AppStore|iPhone = AppStore|iPhone
		AppStore|iPhoneSimulator = AppStore|iPhoneSimulator
		AppStore|x64 = AppStore|x64
		AppStore|x86 = AppStore|x86
		Debug|Any CPU = Debug|Any CPU
		Debug|ARM = Debug|ARM
		Debug|iPhone = Debug|iPhone
		Debug|iPhoneSimulator = Debug|iPhoneSimulator
		Debug|x64 = Debug|x64
		Debug|x86 = Debug|x86
		Release|Any CPU = Release|Any CPU
		Release|ARM = Release|ARM
		Release|iPhone = Release|iPhone
		Release|iPhoneSimulator = Release|iPhoneSimulator
		Release|x64 = Release|x64
		Release|x86 = Release|x86
	EndGlobalSection
	GlobalSection(ProjectConfigurationPlatforms) = postSolution
		{4E02B27B-E23F-4DFB-8629-46D0F8EC1338}.Ad-Hoc|Any CPU.ActiveCfg = Release|Any CPU
		{4E02B27B-E23F-4DFB-8629-46D0F8EC1338}.Ad-Hoc|Any CPU.Build.0 = Release|Any CPU
		{4E02B27B-E23F-4DFB-8629-46D0F8EC1338}.Ad-Hoc|Any CPU.Deploy.0 = Release|Any CPU
		{4E02B27B-E23F-4DFB-8629-46D0F8EC1338}.Ad-Hoc|ARM.ActiveCfg = Release|Any CPU
		{4E02B27B-E23F-4DFB-8629-46D0F8EC1338}.Ad-Hoc|ARM.Build.0 = Release|Any CPU
		{4E02B27B-E23F-4DFB-8629-46D0F8EC1338}.Ad-Hoc|ARM.Deploy.0 = Release|Any CPU
		{4E02B27B-E23F-4DFB-8629-46D0F8EC1338}.Ad-Hoc|iPhone.ActiveCfg = Release|Any CPU
		{4E02B27B-E23F-4DFB-8629-46D0F8EC1338}.Ad-Hoc|iPhone.Build.0 = Release|Any CPU
		{4E02B27B-E23F-4DFB-8629-46D0F8EC1338}.Ad-Hoc|iPhone.Deploy.0 = Release|Any CPU
		{4E02B27B-E23F-4DFB-8629-46D0F8EC1338}.Ad-Hoc|iPhoneSimulator.ActiveCfg = Release|Any CPU
		{4E02B27B-E23F-4DFB-8629-46D0F8EC1338}.Ad-Hoc|iPhoneSimulator.Build.0 = Release|Any CPU
		{4E02B27B-E23F-4DFB-8629-46D0F8EC1338}.Ad-Hoc|iPhoneSimulator.Deploy.0 = Release|Any CPU
		{4E02B27B-E23F-4DFB-8629-46D0F8EC1338}.Ad-Hoc|x64.ActiveCfg = Release|Any CPU
		{4E02B27B-E23F-4DFB-8629-46D0F8EC1338}.Ad-Hoc|x64.Build.0 = Release|Any CPU
		{4E02B27B-E23F-4DFB-8629-46D0F8EC1338}.Ad-Hoc|x64.Deploy.0 = Release|Any CPU
		{4E02B27B-E23F-4DFB-8629-46D0F8EC1338}.Ad-Hoc|x86.ActiveCfg = Release|Any CPU
		{4E02B27B-E23F-4DFB-8629-46D0F8EC1338}.Ad-Hoc|x86.Build.0 = Release|Any CPU
		{4E02B27B-E23F-4DFB-8629-46D0F8EC1338}.Ad-Hoc|x86.Deploy.0 = Release|Any CPU
		{4E02B27B-E23F-4DFB-8629-46D0F8EC1338}.AppStore|Any CPU.ActiveCfg = Release|Any CPU
		{4E02B27B-E23F-4DFB-8629-46D0F8EC1338}.AppStore|Any CPU.Build.0 = Release|Any CPU
		{4E02B27B-E23F-4DFB-8629-46D0F8EC1338}.AppStore|Any CPU.Deploy.0 = Release|Any CPU
		{4E02B27B-E23F-4DFB-8629-46D0F8EC1338}.AppStore|ARM.ActiveCfg = Release|Any CPU
		{4E02B27B-E23F-4DFB-8629-46D0F8EC1338}.AppStore|ARM.Build.0 = Release|Any CPU
		{4E02B27B-E23F-4DFB-8629-46D0F8EC1338}.AppStore|ARM.Deploy.0 = Release|Any CPU
		{4E02B27B-E23F-4DFB-8629-46D0F8EC1338}.AppStore|iPhone.ActiveCfg = Release|Any CPU
		{4E02B27B-E23F-4DFB-8629-46D0F8EC1338}.AppStore|iPhone.Build.0 = Release|Any CPU
		{4E02B27B-E23F-4DFB-8629-46D0F8EC1338}.AppStore|iPhone.Deploy.0 = Release|Any CPU
		{4E02B27B-E23F-4DFB-8629-46D0F8EC1338}.AppStore|iPhoneSimulator.ActiveCfg = Release|Any CPU
		{4E02B27B-E23F-4DFB-8629-46D0F8EC1338}.AppStore|iPhoneSimulator.Build.0 = Release|Any CPU
		{4E02B27B-E23F-4DFB-8629-46D0F8EC1338}.AppStore|iPhoneSimulator.Deploy.0 = Release|Any CPU
		{4E02B27B-E23F-4DFB-8629-46D0F8EC1338}.AppStore|x64.ActiveCfg = Release|Any CPU
		{4E02B27B-E23F-4DFB-8629-46D0F8EC1338}.AppStore|x64.Build.0 = Release|Any CPU
		{4E02B27B-E23F-4DFB-8629-46D0F8EC1338}.AppStore|x64.Deploy.0 = Release|Any CPU
		{4E02B27B-E23F-4DFB-8629-46D0F8EC1338}.AppStore|x86.ActiveCfg = Release|Any CPU
		{4E02B27B-E23F-4DFB-8629-46D0F8EC1338}.AppStore|x86.Build.0 = Release|Any CPU
		{4E02B27B-E23F-4DFB-8629-46D0F8EC1338}.AppStore|x86.Deploy.0 = Release|Any CPU
		{4E02B27B-E23F-4DFB-8629-46D0F8EC1338}.Debug|Any CPU.ActiveCfg = Debug|Any CPU
		{4E02B27B-E23F-4DFB-8629-46D0F8EC1338}.Debug|Any CPU.Build.0 = Debug|Any CPU
		{4E02B27B-E23F-4DFB-8629-46D0F8EC1338}.Debug|Any CPU.Deploy.0 = Debug|Any CPU
		{4E02B27B-E23F-4DFB-8629-46D0F8EC1338}.Debug|ARM.ActiveCfg = Debug|Any CPU
		{4E02B27B-E23F-4DFB-8629-46D0F8EC1338}.Debug|ARM.Build.0 = Debug|Any CPU
		{4E02B27B-E23F-4DFB-8629-46D0F8EC1338}.Debug|ARM.Deploy.0 = Debug|Any CPU
		{4E02B27B-E23F-4DFB-8629-46D0F8EC1338}.Debug|iPhone.ActiveCfg = Debug|Any CPU
		{4E02B27B-E23F-4DFB-8629-46D0F8EC1338}.Debug|iPhone.Build.0 = Debug|Any CPU
		{4E02B27B-E23F-4DFB-8629-46D0F8EC1338}.Debug|iPhone.Deploy.0 = Debug|Any CPU
		{4E02B27B-E23F-4DFB-8629-46D0F8EC1338}.Debug|iPhoneSimulator.ActiveCfg = Debug|Any CPU
		{4E02B27B-E23F-4DFB-8629-46D0F8EC1338}.Debug|iPhoneSimulator.Build.0 = Debug|Any CPU
		{4E02B27B-E23F-4DFB-8629-46D0F8EC1338}.Debug|iPhoneSimulator.Deploy.0 = Debug|Any CPU
		{4E02B27B-E23F-4DFB-8629-46D0F8EC1338}.Debug|x64.ActiveCfg = Debug|Any CPU
		{4E02B27B-E23F-4DFB-8629-46D0F8EC1338}.Debug|x64.Build.0 = Debug|Any CPU
		{4E02B27B-E23F-4DFB-8629-46D0F8EC1338}.Debug|x64.Deploy.0 = Debug|Any CPU
		{4E02B27B-E23F-4DFB-8629-46D0F8EC1338}.Debug|x86.ActiveCfg = Debug|Any CPU
		{4E02B27B-E23F-4DFB-8629-46D0F8EC1338}.Debug|x86.Build.0 = Debug|Any CPU
		{4E02B27B-E23F-4DFB-8629-46D0F8EC1338}.Debug|x86.Deploy.0 = Debug|Any CPU
		{4E02B27B-E23F-4DFB-8629-46D0F8EC1338}.Release|Any CPU.ActiveCfg = Release|Any CPU
		{4E02B27B-E23F-4DFB-8629-46D0F8EC1338}.Release|Any CPU.Build.0 = Release|Any CPU
		{4E02B27B-E23F-4DFB-8629-46D0F8EC1338}.Release|Any CPU.Deploy.0 = Release|Any CPU
		{4E02B27B-E23F-4DFB-8629-46D0F8EC1338}.Release|ARM.ActiveCfg = Release|Any CPU
		{4E02B27B-E23F-4DFB-8629-46D0F8EC1338}.Release|ARM.Build.0 = Release|Any CPU
		{4E02B27B-E23F-4DFB-8629-46D0F8EC1338}.Release|ARM.Deploy.0 = Release|Any CPU
		{4E02B27B-E23F-4DFB-8629-46D0F8EC1338}.Release|iPhone.ActiveCfg = Release|Any CPU
		{4E02B27B-E23F-4DFB-8629-46D0F8EC1338}.Release|iPhone.Build.0 = Release|Any CPU
		{4E02B27B-E23F-4DFB-8629-46D0F8EC1338}.Release|iPhone.Deploy.0 = Release|Any CPU
		{4E02B27B-E23F-4DFB-8629-46D0F8EC1338}.Release|iPhoneSimulator.ActiveCfg = Release|Any CPU
		{4E02B27B-E23F-4DFB-8629-46D0F8EC1338}.Release|iPhoneSimulator.Build.0 = Release|Any CPU
		{4E02B27B-E23F-4DFB-8629-46D0F8EC1338}.Release|iPhoneSimulator.Deploy.0 = Release|Any CPU
		{4E02B27B-E23F-4DFB-8629-46D0F8EC1338}.Release|x64.ActiveCfg = Release|Any CPU
		{4E02B27B-E23F-4DFB-8629-46D0F8EC1338}.Release|x64.Build.0 = Release|Any CPU
		{4E02B27B-E23F-4DFB-8629-46D0F8EC1338}.Release|x64.Deploy.0 = Release|Any CPU
		{4E02B27B-E23F-4DFB-8629-46D0F8EC1338}.Release|x86.ActiveCfg = Release|Any CPU
		{4E02B27B-E23F-4DFB-8629-46D0F8EC1338}.Release|x86.Build.0 = Release|Any CPU
		{4E02B27B-E23F-4DFB-8629-46D0F8EC1338}.Release|x86.Deploy.0 = Release|Any CPU
		{35F9EBD3-F2E4-4EA5-959B-087E5BE40D03}.Ad-Hoc|Any CPU.ActiveCfg = Ad-Hoc|iPhone
		{35F9EBD3-F2E4-4EA5-959B-087E5BE40D03}.Ad-Hoc|Any CPU.Build.0 = Ad-Hoc|iPhone
		{35F9EBD3-F2E4-4EA5-959B-087E5BE40D03}.Ad-Hoc|Any CPU.Deploy.0 = Ad-Hoc|iPhone
		{35F9EBD3-F2E4-4EA5-959B-087E5BE40D03}.Ad-Hoc|ARM.ActiveCfg = Ad-Hoc|iPhone
		{35F9EBD3-F2E4-4EA5-959B-087E5BE40D03}.Ad-Hoc|ARM.Build.0 = Ad-Hoc|iPhone
		{35F9EBD3-F2E4-4EA5-959B-087E5BE40D03}.Ad-Hoc|ARM.Deploy.0 = Ad-Hoc|iPhone
		{35F9EBD3-F2E4-4EA5-959B-087E5BE40D03}.Ad-Hoc|iPhone.ActiveCfg = Ad-Hoc|iPhone
		{35F9EBD3-F2E4-4EA5-959B-087E5BE40D03}.Ad-Hoc|iPhone.Build.0 = Ad-Hoc|iPhone
		{35F9EBD3-F2E4-4EA5-959B-087E5BE40D03}.Ad-Hoc|iPhone.Deploy.0 = Ad-Hoc|iPhone
		{35F9EBD3-F2E4-4EA5-959B-087E5BE40D03}.Ad-Hoc|iPhoneSimulator.ActiveCfg = Ad-Hoc|iPhoneSimulator
		{35F9EBD3-F2E4-4EA5-959B-087E5BE40D03}.Ad-Hoc|iPhoneSimulator.Build.0 = Ad-Hoc|iPhoneSimulator
		{35F9EBD3-F2E4-4EA5-959B-087E5BE40D03}.Ad-Hoc|iPhoneSimulator.Deploy.0 = Ad-Hoc|iPhoneSimulator
		{35F9EBD3-F2E4-4EA5-959B-087E5BE40D03}.Ad-Hoc|x64.ActiveCfg = Ad-Hoc|iPhone
		{35F9EBD3-F2E4-4EA5-959B-087E5BE40D03}.Ad-Hoc|x64.Build.0 = Ad-Hoc|iPhone
		{35F9EBD3-F2E4-4EA5-959B-087E5BE40D03}.Ad-Hoc|x64.Deploy.0 = Ad-Hoc|iPhone
		{35F9EBD3-F2E4-4EA5-959B-087E5BE40D03}.Ad-Hoc|x86.ActiveCfg = Ad-Hoc|iPhone
		{35F9EBD3-F2E4-4EA5-959B-087E5BE40D03}.Ad-Hoc|x86.Build.0 = Ad-Hoc|iPhone
		{35F9EBD3-F2E4-4EA5-959B-087E5BE40D03}.Ad-Hoc|x86.Deploy.0 = Ad-Hoc|iPhone
		{35F9EBD3-F2E4-4EA5-959B-087E5BE40D03}.AppStore|Any CPU.ActiveCfg = AppStore|iPhone
		{35F9EBD3-F2E4-4EA5-959B-087E5BE40D03}.AppStore|Any CPU.Build.0 = AppStore|iPhone
		{35F9EBD3-F2E4-4EA5-959B-087E5BE40D03}.AppStore|Any CPU.Deploy.0 = AppStore|iPhone
		{35F9EBD3-F2E4-4EA5-959B-087E5BE40D03}.AppStore|ARM.ActiveCfg = AppStore|iPhone
		{35F9EBD3-F2E4-4EA5-959B-087E5BE40D03}.AppStore|ARM.Build.0 = AppStore|iPhone
		{35F9EBD3-F2E4-4EA5-959B-087E5BE40D03}.AppStore|ARM.Deploy.0 = AppStore|iPhone
		{35F9EBD3-F2E4-4EA5-959B-087E5BE40D03}.AppStore|iPhone.ActiveCfg = AppStore|iPhone
		{35F9EBD3-F2E4-4EA5-959B-087E5BE40D03}.AppStore|iPhone.Build.0 = AppStore|iPhone
		{35F9EBD3-F2E4-4EA5-959B-087E5BE40D03}.AppStore|iPhone.Deploy.0 = AppStore|iPhone
		{35F9EBD3-F2E4-4EA5-959B-087E5BE40D03}.AppStore|iPhoneSimulator.ActiveCfg = AppStore|iPhoneSimulator
		{35F9EBD3-F2E4-4EA5-959B-087E5BE40D03}.AppStore|iPhoneSimulator.Build.0 = AppStore|iPhoneSimulator
		{35F9EBD3-F2E4-4EA5-959B-087E5BE40D03}.AppStore|iPhoneSimulator.Deploy.0 = AppStore|iPhoneSimulator
		{35F9EBD3-F2E4-4EA5-959B-087E5BE40D03}.AppStore|x64.ActiveCfg = AppStore|iPhone
		{35F9EBD3-F2E4-4EA5-959B-087E5BE40D03}.AppStore|x64.Build.0 = AppStore|iPhone
		{35F9EBD3-F2E4-4EA5-959B-087E5BE40D03}.AppStore|x64.Deploy.0 = AppStore|iPhone
		{35F9EBD3-F2E4-4EA5-959B-087E5BE40D03}.AppStore|x86.ActiveCfg = AppStore|iPhone
		{35F9EBD3-F2E4-4EA5-959B-087E5BE40D03}.AppStore|x86.Build.0 = AppStore|iPhone
		{35F9EBD3-F2E4-4EA5-959B-087E5BE40D03}.AppStore|x86.Deploy.0 = AppStore|iPhone
		{35F9EBD3-F2E4-4EA5-959B-087E5BE40D03}.Debug|Any CPU.ActiveCfg = Debug|iPhoneSimulator
		{35F9EBD3-F2E4-4EA5-959B-087E5BE40D03}.Debug|Any CPU.Build.0 = Debug|iPhoneSimulator
		{35F9EBD3-F2E4-4EA5-959B-087E5BE40D03}.Debug|Any CPU.Deploy.0 = Debug|iPhoneSimulator
		{35F9EBD3-F2E4-4EA5-959B-087E5BE40D03}.Debug|ARM.ActiveCfg = Debug|iPhone
		{35F9EBD3-F2E4-4EA5-959B-087E5BE40D03}.Debug|ARM.Build.0 = Debug|iPhone
		{35F9EBD3-F2E4-4EA5-959B-087E5BE40D03}.Debug|ARM.Deploy.0 = Debug|iPhone
		{35F9EBD3-F2E4-4EA5-959B-087E5BE40D03}.Debug|iPhone.ActiveCfg = Debug|iPhone
		{35F9EBD3-F2E4-4EA5-959B-087E5BE40D03}.Debug|iPhone.Build.0 = Debug|iPhone
		{35F9EBD3-F2E4-4EA5-959B-087E5BE40D03}.Debug|iPhone.Deploy.0 = Debug|iPhone
		{35F9EBD3-F2E4-4EA5-959B-087E5BE40D03}.Debug|iPhoneSimulator.ActiveCfg = Debug|iPhoneSimulator
		{35F9EBD3-F2E4-4EA5-959B-087E5BE40D03}.Debug|iPhoneSimulator.Build.0 = Debug|iPhoneSimulator
		{35F9EBD3-F2E4-4EA5-959B-087E5BE40D03}.Debug|iPhoneSimulator.Deploy.0 = Debug|iPhoneSimulator
		{35F9EBD3-F2E4-4EA5-959B-087E5BE40D03}.Debug|x64.ActiveCfg = Debug|iPhone
		{35F9EBD3-F2E4-4EA5-959B-087E5BE40D03}.Debug|x64.Build.0 = Debug|iPhone
		{35F9EBD3-F2E4-4EA5-959B-087E5BE40D03}.Debug|x64.Deploy.0 = Debug|iPhone
		{35F9EBD3-F2E4-4EA5-959B-087E5BE40D03}.Debug|x86.ActiveCfg = Debug|iPhone
		{35F9EBD3-F2E4-4EA5-959B-087E5BE40D03}.Debug|x86.Build.0 = Debug|iPhone
		{35F9EBD3-F2E4-4EA5-959B-087E5BE40D03}.Debug|x86.Deploy.0 = Debug|iPhone
		{35F9EBD3-F2E4-4EA5-959B-087E5BE40D03}.Release|Any CPU.ActiveCfg = Release|iPhone
		{35F9EBD3-F2E4-4EA5-959B-087E5BE40D03}.Release|Any CPU.Build.0 = Release|iPhone
		{35F9EBD3-F2E4-4EA5-959B-087E5BE40D03}.Release|Any CPU.Deploy.0 = Release|iPhone
		{35F9EBD3-F2E4-4EA5-959B-087E5BE40D03}.Release|ARM.ActiveCfg = Release|iPhone
		{35F9EBD3-F2E4-4EA5-959B-087E5BE40D03}.Release|ARM.Build.0 = Release|iPhone
		{35F9EBD3-F2E4-4EA5-959B-087E5BE40D03}.Release|ARM.Deploy.0 = Release|iPhone
		{35F9EBD3-F2E4-4EA5-959B-087E5BE40D03}.Release|iPhone.ActiveCfg = Release|iPhone
		{35F9EBD3-F2E4-4EA5-959B-087E5BE40D03}.Release|iPhone.Build.0 = Release|iPhone
		{35F9EBD3-F2E4-4EA5-959B-087E5BE40D03}.Release|iPhone.Deploy.0 = Release|iPhone
		{35F9EBD3-F2E4-4EA5-959B-087E5BE40D03}.Release|iPhoneSimulator.ActiveCfg = Release|iPhoneSimulator
		{35F9EBD3-F2E4-4EA5-959B-087E5BE40D03}.Release|iPhoneSimulator.Build.0 = Release|iPhoneSimulator
		{35F9EBD3-F2E4-4EA5-959B-087E5BE40D03}.Release|iPhoneSimulator.Deploy.0 = Release|iPhoneSimulator
		{35F9EBD3-F2E4-4EA5-959B-087E5BE40D03}.Release|x64.ActiveCfg = Release|iPhone
		{35F9EBD3-F2E4-4EA5-959B-087E5BE40D03}.Release|x64.Build.0 = Release|iPhone
		{35F9EBD3-F2E4-4EA5-959B-087E5BE40D03}.Release|x64.Deploy.0 = Release|iPhone
		{35F9EBD3-F2E4-4EA5-959B-087E5BE40D03}.Release|x86.ActiveCfg = Release|iPhone
		{35F9EBD3-F2E4-4EA5-959B-087E5BE40D03}.Release|x86.Build.0 = Release|iPhone
		{35F9EBD3-F2E4-4EA5-959B-087E5BE40D03}.Release|x86.Deploy.0 = Release|iPhone
		{8A39686C-2C6C-4B1D-A70D-99C576E8CFB7}.Ad-Hoc|Any CPU.ActiveCfg = Release|x86
		{8A39686C-2C6C-4B1D-A70D-99C576E8CFB7}.Ad-Hoc|Any CPU.Build.0 = Release|x86
		{8A39686C-2C6C-4B1D-A70D-99C576E8CFB7}.Ad-Hoc|Any CPU.Deploy.0 = Release|x86
		{8A39686C-2C6C-4B1D-A70D-99C576E8CFB7}.Ad-Hoc|ARM.ActiveCfg = Release|ARM
		{8A39686C-2C6C-4B1D-A70D-99C576E8CFB7}.Ad-Hoc|ARM.Build.0 = Release|ARM
		{8A39686C-2C6C-4B1D-A70D-99C576E8CFB7}.Ad-Hoc|ARM.Deploy.0 = Release|ARM
		{8A39686C-2C6C-4B1D-A70D-99C576E8CFB7}.Ad-Hoc|iPhone.ActiveCfg = Release|x86
		{8A39686C-2C6C-4B1D-A70D-99C576E8CFB7}.Ad-Hoc|iPhone.Build.0 = Release|x86
		{8A39686C-2C6C-4B1D-A70D-99C576E8CFB7}.Ad-Hoc|iPhone.Deploy.0 = Release|x86
		{8A39686C-2C6C-4B1D-A70D-99C576E8CFB7}.Ad-Hoc|iPhoneSimulator.ActiveCfg = Release|x86
		{8A39686C-2C6C-4B1D-A70D-99C576E8CFB7}.Ad-Hoc|iPhoneSimulator.Build.0 = Release|x86
		{8A39686C-2C6C-4B1D-A70D-99C576E8CFB7}.Ad-Hoc|iPhoneSimulator.Deploy.0 = Release|x86
		{8A39686C-2C6C-4B1D-A70D-99C576E8CFB7}.Ad-Hoc|x64.ActiveCfg = Release|x64
		{8A39686C-2C6C-4B1D-A70D-99C576E8CFB7}.Ad-Hoc|x64.Build.0 = Release|x64
		{8A39686C-2C6C-4B1D-A70D-99C576E8CFB7}.Ad-Hoc|x64.Deploy.0 = Release|x64
		{8A39686C-2C6C-4B1D-A70D-99C576E8CFB7}.Ad-Hoc|x86.ActiveCfg = Release|x86
		{8A39686C-2C6C-4B1D-A70D-99C576E8CFB7}.Ad-Hoc|x86.Build.0 = Release|x86
		{8A39686C-2C6C-4B1D-A70D-99C576E8CFB7}.Ad-Hoc|x86.Deploy.0 = Release|x86
		{8A39686C-2C6C-4B1D-A70D-99C576E8CFB7}.AppStore|Any CPU.ActiveCfg = Release|x86
		{8A39686C-2C6C-4B1D-A70D-99C576E8CFB7}.AppStore|Any CPU.Build.0 = Release|x86
		{8A39686C-2C6C-4B1D-A70D-99C576E8CFB7}.AppStore|Any CPU.Deploy.0 = Release|x86
		{8A39686C-2C6C-4B1D-A70D-99C576E8CFB7}.AppStore|ARM.ActiveCfg = Release|ARM
		{8A39686C-2C6C-4B1D-A70D-99C576E8CFB7}.AppStore|ARM.Build.0 = Release|ARM
		{8A39686C-2C6C-4B1D-A70D-99C576E8CFB7}.AppStore|ARM.Deploy.0 = Release|ARM
		{8A39686C-2C6C-4B1D-A70D-99C576E8CFB7}.AppStore|iPhone.ActiveCfg = Release|x86
		{8A39686C-2C6C-4B1D-A70D-99C576E8CFB7}.AppStore|iPhone.Build.0 = Release|x86
		{8A39686C-2C6C-4B1D-A70D-99C576E8CFB7}.AppStore|iPhone.Deploy.0 = Release|x86
		{8A39686C-2C6C-4B1D-A70D-99C576E8CFB7}.AppStore|iPhoneSimulator.ActiveCfg = Release|x86
		{8A39686C-2C6C-4B1D-A70D-99C576E8CFB7}.AppStore|iPhoneSimulator.Build.0 = Release|x86
		{8A39686C-2C6C-4B1D-A70D-99C576E8CFB7}.AppStore|iPhoneSimulator.Deploy.0 = Release|x86
		{8A39686C-2C6C-4B1D-A70D-99C576E8CFB7}.AppStore|x64.ActiveCfg = Release|x64
		{8A39686C-2C6C-4B1D-A70D-99C576E8CFB7}.AppStore|x64.Build.0 = Release|x64
		{8A39686C-2C6C-4B1D-A70D-99C576E8CFB7}.AppStore|x64.Deploy.0 = Release|x64
		{8A39686C-2C6C-4B1D-A70D-99C576E8CFB7}.AppStore|x86.ActiveCfg = Release|x86
		{8A39686C-2C6C-4B1D-A70D-99C576E8CFB7}.AppStore|x86.Build.0 = Release|x86
		{8A39686C-2C6C-4B1D-A70D-99C576E8CFB7}.AppStore|x86.Deploy.0 = Release|x86
		{8A39686C-2C6C-4B1D-A70D-99C576E8CFB7}.Debug|Any CPU.ActiveCfg = Debug|x86
		{8A39686C-2C6C-4B1D-A70D-99C576E8CFB7}.Debug|Any CPU.Build.0 = Debug|x86
		{8A39686C-2C6C-4B1D-A70D-99C576E8CFB7}.Debug|Any CPU.Deploy.0 = Debug|x86
		{8A39686C-2C6C-4B1D-A70D-99C576E8CFB7}.Debug|ARM.ActiveCfg = Debug|ARM
		{8A39686C-2C6C-4B1D-A70D-99C576E8CFB7}.Debug|ARM.Build.0 = Debug|ARM
		{8A39686C-2C6C-4B1D-A70D-99C576E8CFB7}.Debug|ARM.Deploy.0 = Debug|ARM
		{8A39686C-2C6C-4B1D-A70D-99C576E8CFB7}.Debug|iPhone.ActiveCfg = Debug|x86
		{8A39686C-2C6C-4B1D-A70D-99C576E8CFB7}.Debug|iPhone.Build.0 = Debug|x86
		{8A39686C-2C6C-4B1D-A70D-99C576E8CFB7}.Debug|iPhone.Deploy.0 = Debug|x86
		{8A39686C-2C6C-4B1D-A70D-99C576E8CFB7}.Debug|iPhoneSimulator.ActiveCfg = Debug|x86
		{8A39686C-2C6C-4B1D-A70D-99C576E8CFB7}.Debug|iPhoneSimulator.Build.0 = Debug|x86
		{8A39686C-2C6C-4B1D-A70D-99C576E8CFB7}.Debug|iPhoneSimulator.Deploy.0 = Debug|x86
		{8A39686C-2C6C-4B1D-A70D-99C576E8CFB7}.Debug|x64.ActiveCfg = Debug|x64
		{8A39686C-2C6C-4B1D-A70D-99C576E8CFB7}.Debug|x64.Build.0 = Debug|x64
		{8A39686C-2C6C-4B1D-A70D-99C576E8CFB7}.Debug|x64.Deploy.0 = Debug|x64
		{8A39686C-2C6C-4B1D-A70D-99C576E8CFB7}.Debug|x86.ActiveCfg = Debug|x86
		{8A39686C-2C6C-4B1D-A70D-99C576E8CFB7}.Debug|x86.Build.0 = Debug|x86
		{8A39686C-2C6C-4B1D-A70D-99C576E8CFB7}.Debug|x86.Deploy.0 = Debug|x86
		{8A39686C-2C6C-4B1D-A70D-99C576E8CFB7}.Release|Any CPU.ActiveCfg = Release|x86
		{8A39686C-2C6C-4B1D-A70D-99C576E8CFB7}.Release|Any CPU.Build.0 = Release|x86
		{8A39686C-2C6C-4B1D-A70D-99C576E8CFB7}.Release|Any CPU.Deploy.0 = Release|x86
		{8A39686C-2C6C-4B1D-A70D-99C576E8CFB7}.Release|ARM.ActiveCfg = Release|ARM
		{8A39686C-2C6C-4B1D-A70D-99C576E8CFB7}.Release|ARM.Build.0 = Release|ARM
		{8A39686C-2C6C-4B1D-A70D-99C576E8CFB7}.Release|ARM.Deploy.0 = Release|ARM
		{8A39686C-2C6C-4B1D-A70D-99C576E8CFB7}.Release|iPhone.ActiveCfg = Release|x86
		{8A39686C-2C6C-4B1D-A70D-99C576E8CFB7}.Release|iPhone.Build.0 = Release|x86
		{8A39686C-2C6C-4B1D-A70D-99C576E8CFB7}.Release|iPhone.Deploy.0 = Release|x86
		{8A39686C-2C6C-4B1D-A70D-99C576E8CFB7}.Release|iPhoneSimulator.ActiveCfg = Release|x86
		{8A39686C-2C6C-4B1D-A70D-99C576E8CFB7}.Release|iPhoneSimulator.Build.0 = Release|x86
		{8A39686C-2C6C-4B1D-A70D-99C576E8CFB7}.Release|iPhoneSimulator.Deploy.0 = Release|x86
		{8A39686C-2C6C-4B1D-A70D-99C576E8CFB7}.Release|x64.ActiveCfg = Release|x64
		{8A39686C-2C6C-4B1D-A70D-99C576E8CFB7}.Release|x64.Build.0 = Release|x64
		{8A39686C-2C6C-4B1D-A70D-99C576E8CFB7}.Release|x64.Deploy.0 = Release|x64
		{8A39686C-2C6C-4B1D-A70D-99C576E8CFB7}.Release|x86.ActiveCfg = Release|x86
		{8A39686C-2C6C-4B1D-A70D-99C576E8CFB7}.Release|x86.Build.0 = Release|x86
		{8A39686C-2C6C-4B1D-A70D-99C576E8CFB7}.Release|x86.Deploy.0 = Release|x86
		{C415DA7C-9140-4BC5-8C23-FEDBF4A35708}.Ad-Hoc|Any CPU.ActiveCfg = Debug|Any CPU
		{C415DA7C-9140-4BC5-8C23-FEDBF4A35708}.Ad-Hoc|Any CPU.Build.0 = Debug|Any CPU
		{C415DA7C-9140-4BC5-8C23-FEDBF4A35708}.Ad-Hoc|Any CPU.Deploy.0 = Debug|Any CPU
		{C415DA7C-9140-4BC5-8C23-FEDBF4A35708}.Ad-Hoc|ARM.ActiveCfg = Debug|Any CPU
		{C415DA7C-9140-4BC5-8C23-FEDBF4A35708}.Ad-Hoc|ARM.Build.0 = Debug|Any CPU
		{C415DA7C-9140-4BC5-8C23-FEDBF4A35708}.Ad-Hoc|ARM.Deploy.0 = Debug|Any CPU
		{C415DA7C-9140-4BC5-8C23-FEDBF4A35708}.Ad-Hoc|iPhone.ActiveCfg = Debug|Any CPU
		{C415DA7C-9140-4BC5-8C23-FEDBF4A35708}.Ad-Hoc|iPhone.Build.0 = Debug|Any CPU
		{C415DA7C-9140-4BC5-8C23-FEDBF4A35708}.Ad-Hoc|iPhone.Deploy.0 = Debug|Any CPU
		{C415DA7C-9140-4BC5-8C23-FEDBF4A35708}.Ad-Hoc|iPhoneSimulator.ActiveCfg = Debug|Any CPU
		{C415DA7C-9140-4BC5-8C23-FEDBF4A35708}.Ad-Hoc|iPhoneSimulator.Build.0 = Debug|Any CPU
		{C415DA7C-9140-4BC5-8C23-FEDBF4A35708}.Ad-Hoc|iPhoneSimulator.Deploy.0 = Debug|Any CPU
		{C415DA7C-9140-4BC5-8C23-FEDBF4A35708}.Ad-Hoc|x64.ActiveCfg = Debug|Any CPU
		{C415DA7C-9140-4BC5-8C23-FEDBF4A35708}.Ad-Hoc|x64.Build.0 = Debug|Any CPU
		{C415DA7C-9140-4BC5-8C23-FEDBF4A35708}.Ad-Hoc|x64.Deploy.0 = Debug|Any CPU
		{C415DA7C-9140-4BC5-8C23-FEDBF4A35708}.Ad-Hoc|x86.ActiveCfg = Debug|Any CPU
		{C415DA7C-9140-4BC5-8C23-FEDBF4A35708}.Ad-Hoc|x86.Build.0 = Debug|Any CPU
		{C415DA7C-9140-4BC5-8C23-FEDBF4A35708}.Ad-Hoc|x86.Deploy.0 = Debug|Any CPU
		{C415DA7C-9140-4BC5-8C23-FEDBF4A35708}.AppStore|Any CPU.ActiveCfg = Debug|Any CPU
		{C415DA7C-9140-4BC5-8C23-FEDBF4A35708}.AppStore|Any CPU.Build.0 = Debug|Any CPU
		{C415DA7C-9140-4BC5-8C23-FEDBF4A35708}.AppStore|Any CPU.Deploy.0 = Debug|Any CPU
		{C415DA7C-9140-4BC5-8C23-FEDBF4A35708}.AppStore|ARM.ActiveCfg = Debug|Any CPU
		{C415DA7C-9140-4BC5-8C23-FEDBF4A35708}.AppStore|ARM.Build.0 = Debug|Any CPU
		{C415DA7C-9140-4BC5-8C23-FEDBF4A35708}.AppStore|ARM.Deploy.0 = Debug|Any CPU
		{C415DA7C-9140-4BC5-8C23-FEDBF4A35708}.AppStore|iPhone.ActiveCfg = Debug|Any CPU
		{C415DA7C-9140-4BC5-8C23-FEDBF4A35708}.AppStore|iPhone.Build.0 = Debug|Any CPU
		{C415DA7C-9140-4BC5-8C23-FEDBF4A35708}.AppStore|iPhone.Deploy.0 = Debug|Any CPU
		{C415DA7C-9140-4BC5-8C23-FEDBF4A35708}.AppStore|iPhoneSimulator.ActiveCfg = Debug|Any CPU
		{C415DA7C-9140-4BC5-8C23-FEDBF4A35708}.AppStore|iPhoneSimulator.Build.0 = Debug|Any CPU
		{C415DA7C-9140-4BC5-8C23-FEDBF4A35708}.AppStore|iPhoneSimulator.Deploy.0 = Debug|Any CPU
		{C415DA7C-9140-4BC5-8C23-FEDBF4A35708}.AppStore|x64.ActiveCfg = Debug|Any CPU
		{C415DA7C-9140-4BC5-8C23-FEDBF4A35708}.AppStore|x64.Build.0 = Debug|Any CPU
		{C415DA7C-9140-4BC5-8C23-FEDBF4A35708}.AppStore|x64.Deploy.0 = Debug|Any CPU
		{C415DA7C-9140-4BC5-8C23-FEDBF4A35708}.AppStore|x86.ActiveCfg = Debug|Any CPU
		{C415DA7C-9140-4BC5-8C23-FEDBF4A35708}.AppStore|x86.Build.0 = Debug|Any CPU
		{C415DA7C-9140-4BC5-8C23-FEDBF4A35708}.AppStore|x86.Deploy.0 = Debug|Any CPU
		{C415DA7C-9140-4BC5-8C23-FEDBF4A35708}.Debug|Any CPU.ActiveCfg = Debug|Any CPU
		{C415DA7C-9140-4BC5-8C23-FEDBF4A35708}.Debug|Any CPU.Build.0 = Debug|Any CPU
		{C415DA7C-9140-4BC5-8C23-FEDBF4A35708}.Debug|Any CPU.Deploy.0 = Debug|Any CPU
		{C415DA7C-9140-4BC5-8C23-FEDBF4A35708}.Debug|ARM.ActiveCfg = Debug|Any CPU
		{C415DA7C-9140-4BC5-8C23-FEDBF4A35708}.Debug|ARM.Build.0 = Debug|Any CPU
		{C415DA7C-9140-4BC5-8C23-FEDBF4A35708}.Debug|ARM.Deploy.0 = Debug|Any CPU
		{C415DA7C-9140-4BC5-8C23-FEDBF4A35708}.Debug|iPhone.ActiveCfg = Debug|Any CPU
		{C415DA7C-9140-4BC5-8C23-FEDBF4A35708}.Debug|iPhone.Build.0 = Debug|Any CPU
		{C415DA7C-9140-4BC5-8C23-FEDBF4A35708}.Debug|iPhone.Deploy.0 = Debug|Any CPU
		{C415DA7C-9140-4BC5-8C23-FEDBF4A35708}.Debug|iPhoneSimulator.ActiveCfg = Debug|Any CPU
		{C415DA7C-9140-4BC5-8C23-FEDBF4A35708}.Debug|iPhoneSimulator.Build.0 = Debug|Any CPU
		{C415DA7C-9140-4BC5-8C23-FEDBF4A35708}.Debug|iPhoneSimulator.Deploy.0 = Debug|Any CPU
		{C415DA7C-9140-4BC5-8C23-FEDBF4A35708}.Debug|x64.ActiveCfg = Debug|Any CPU
		{C415DA7C-9140-4BC5-8C23-FEDBF4A35708}.Debug|x64.Build.0 = Debug|Any CPU
		{C415DA7C-9140-4BC5-8C23-FEDBF4A35708}.Debug|x64.Deploy.0 = Debug|Any CPU
		{C415DA7C-9140-4BC5-8C23-FEDBF4A35708}.Debug|x86.ActiveCfg = Debug|Any CPU
		{C415DA7C-9140-4BC5-8C23-FEDBF4A35708}.Debug|x86.Build.0 = Debug|Any CPU
		{C415DA7C-9140-4BC5-8C23-FEDBF4A35708}.Debug|x86.Deploy.0 = Debug|Any CPU
		{C415DA7C-9140-4BC5-8C23-FEDBF4A35708}.Release|Any CPU.ActiveCfg = Release|Any CPU
		{C415DA7C-9140-4BC5-8C23-FEDBF4A35708}.Release|Any CPU.Build.0 = Release|Any CPU
		{C415DA7C-9140-4BC5-8C23-FEDBF4A35708}.Release|Any CPU.Deploy.0 = Release|Any CPU
		{C415DA7C-9140-4BC5-8C23-FEDBF4A35708}.Release|ARM.ActiveCfg = Release|Any CPU
		{C415DA7C-9140-4BC5-8C23-FEDBF4A35708}.Release|ARM.Build.0 = Release|Any CPU
		{C415DA7C-9140-4BC5-8C23-FEDBF4A35708}.Release|ARM.Deploy.0 = Release|Any CPU
		{C415DA7C-9140-4BC5-8C23-FEDBF4A35708}.Release|iPhone.ActiveCfg = Release|Any CPU
		{C415DA7C-9140-4BC5-8C23-FEDBF4A35708}.Release|iPhone.Build.0 = Release|Any CPU
		{C415DA7C-9140-4BC5-8C23-FEDBF4A35708}.Release|iPhone.Deploy.0 = Release|Any CPU
		{C415DA7C-9140-4BC5-8C23-FEDBF4A35708}.Release|iPhoneSimulator.ActiveCfg = Release|Any CPU
		{C415DA7C-9140-4BC5-8C23-FEDBF4A35708}.Release|iPhoneSimulator.Build.0 = Release|Any CPU
		{C415DA7C-9140-4BC5-8C23-FEDBF4A35708}.Release|iPhoneSimulator.Deploy.0 = Release|Any CPU
		{C415DA7C-9140-4BC5-8C23-FEDBF4A35708}.Release|x64.ActiveCfg = Release|Any CPU
		{C415DA7C-9140-4BC5-8C23-FEDBF4A35708}.Release|x64.Build.0 = Release|Any CPU
		{C415DA7C-9140-4BC5-8C23-FEDBF4A35708}.Release|x64.Deploy.0 = Release|Any CPU
		{C415DA7C-9140-4BC5-8C23-FEDBF4A35708}.Release|x86.ActiveCfg = Release|Any CPU
		{C415DA7C-9140-4BC5-8C23-FEDBF4A35708}.Release|x86.Build.0 = Release|Any CPU
		{C415DA7C-9140-4BC5-8C23-FEDBF4A35708}.Release|x86.Deploy.0 = Release|Any CPU
	EndGlobalSection
	GlobalSection(SolutionProperties) = preSolution
		HideSolutionNode = FALSE
	EndGlobalSection
	GlobalSection(ExtensibilityGlobals) = postSolution
		SolutionGuid = {F5D3400F-DDBB-4E4E-9372-54400778C341}
	EndGlobalSection
EndGlobal
